
Microsoft Visual Studio Solution File, Format Version 12.00
# Visual Studio Version 17
VisualStudioVersion = 17.3.32929.385
MinimumVisualStudioVersion = 10.0.40219.1
Project("{8BC9CEB8-8B4A-11D0-8D11-00A0C91BC942}") = "SFML - Proj5", "SFML - Proj5\SFML - Proj5.vcxproj", "{075E2793-4C09-4F0A-B04D-F404FE66CACB}"
EndProject
Global
	GlobalSection(SolutionConfigurationPlatforms) = preSolution
		Debug|x64 = Debug|x64
		Debug|x86 = Debug|x86
		Release|x64 = Release|x64
		Release|x86 = Release|x86
	EndGlobalSection
	GlobalSection(ProjectConfigurationPlatforms) = postSolution
		{075E2793-4C09-4F0A-B04D-F404FE66CACB}.Debug|x64.ActiveCfg = Debug|x64
		{075E2793-4C09-4F0A-B04D-F404FE66CACB}.Debug|x64.Build.0 = Debug|x64
		{075E2793-4C09-4F0A-B04D-F404FE66CACB}.Debug|x86.ActiveCfg = Debug|Win32
		{075E2793-4C09-4F0A-B04D-F404FE66CACB}.Debug|x86.Build.0 = Debug|Win32
		{075E2793-4C09-4F0A-B04D-F404FE66CACB}.Release|x64.ActiveCfg = Release|x64
		{075E2793-4C09-4F0A-B04D-F404FE66CACB}.Release|x64.Build.0 = Release|x64
		{075E2793-4C09-4F0A-B04D-F404FE66CACB}.Release|x86.ActiveCfg = Release|Win32
		{075E2793-4C09-4F0A-B04D-F404FE66CACB}.Release|x86.Build.0 = Release|Win32
	EndGlobalSection
	GlobalSection(SolutionProperties) = preSolution
		HideSolutionNode = FALSE
	EndGlobalSection
	GlobalSection(ExtensibilityGlobals) = postSolution
		SolutionGuid = {C7A3AAF3-20D8-4ED9-AFB3-0267530FDF15}
	EndGlobalSection
EndGlobal
